
Microsoft Visual Studio Solution File, Format Version 12.00
# Visual Studio Version 16
VisualStudioVersion = 16.0.29709.97
MinimumVisualStudioVersion = 10.0.40219.1
Project("{FAE04EC0-301F-11D3-BF4B-00C04F79EFBC}") = "SD1_sk072215_MIS4200", "SD1_sk072215_MIS4200.csproj", "{3A3D305D-3752-4DC4-B23F-17C4BFE33BDA}"
EndProject
Global
	GlobalSection(SolutionConfigurationPlatforms) = preSolution
		Debug|Any CPU = Debug|Any CPU
		Release|Any CPU = Release|Any CPU
	EndGlobalSection
	GlobalSection(ProjectConfigurationPlatforms) = postSolution
		{3A3D305D-3752-4DC4-B23F-17C4BFE33BDA}.Debug|Any CPU.ActiveCfg = Debug|Any CPU
		{3A3D305D-3752-4DC4-B23F-17C4BFE33BDA}.Debug|Any CPU.Build.0 = Debug|Any CPU
		{3A3D305D-3752-4DC4-B23F-17C4BFE33BDA}.Release|Any CPU.ActiveCfg = Release|Any CPU
		{3A3D305D-3752-4DC4-B23F-17C4BFE33BDA}.Release|Any CPU.Build.0 = Release|Any CPU
	EndGlobalSection
	GlobalSection(SolutionProperties) = preSolution
		HideSolutionNode = FALSE
	EndGlobalSection
	GlobalSection(ExtensibilityGlobals) = postSolution
		SolutionGuid = {68494D93-63CA-4D61-855D-B11AA8D6585A}
	EndGlobalSection
EndGlobal
